
Microsoft Visual Studio Solution File, Format Version 12.00
# Visual Studio Version 17
VisualStudioVersion = 17.10.35013.160
MinimumVisualStudioVersion = 10.0.40219.1
Project("{FAE04EC0-301F-11D3-BF4B-00C04F79EFBC}") = "AzureWebApp", "AzureWebApp\AzureWebApp.csproj", "{B40367C7-A623-4660-B74D-9FD8923D437B}"
EndProject
Global
	GlobalSection(SolutionConfigurationPlatforms) = preSolution
		Debug|Any CPU = Debug|Any CPU
		Release|Any CPU = Release|Any CPU
	EndGlobalSection
	GlobalSection(ProjectConfigurationPlatforms) = postSolution
		{B40367C7-A623-4660-B74D-9FD8923D437B}.Debug|Any CPU.ActiveCfg = Debug|Any CPU
		{B40367C7-A623-4660-B74D-9FD8923D437B}.Debug|Any CPU.Build.0 = Debug|Any CPU
		{B40367C7-A623-4660-B74D-9FD8923D437B}.Release|Any CPU.ActiveCfg = Release|Any CPU
		{B40367C7-A623-4660-B74D-9FD8923D437B}.Release|Any CPU.Build.0 = Release|Any CPU
	EndGlobalSection
	GlobalSection(SolutionProperties) = preSolution
		HideSolutionNode = FALSE
	EndGlobalSection
	GlobalSection(ExtensibilityGlobals) = postSolution
		SolutionGuid = {4CFC5984-A907-46AA-9851-50E887CB4FE4}
	EndGlobalSection
EndGlobal
